// !$*UTF8*$!
{
	archiveVersion = 1;
	classes = {
	};
	objectVersion = 56;
	objects = {

/* Begin PBXBuildFile section */
		84323B159568D999775DC39F /* Pods_swiftbook_5_MyPlaces_002.framework in Frameworks */ = {isa = PBXBuildFile; fileRef = F1315F3FC345E3FF199DF49F /* Pods_swiftbook_5_MyPlaces_002.framework */; };
		F523EDC3299B6FF4006E72CF /* AppDelegate.swift in Sources */ = {isa = PBXBuildFile; fileRef = F523EDC2299B6FF4006E72CF /* AppDelegate.swift */; };
		F523EDC5299B6FF4006E72CF /* SceneDelegate.swift in Sources */ = {isa = PBXBuildFile; fileRef = F523EDC4299B6FF4006E72CF /* SceneDelegate.swift */; };
		F523EDC7299B6FF4006E72CF /* ViewController.swift in Sources */ = {isa = PBXBuildFile; fileRef = F523EDC6299B6FF4006E72CF /* ViewController.swift */; };
		F523EDCA299B6FF4006E72CF /* Main.storyboard in Resources */ = {isa = PBXBuildFile; fileRef = F523EDC8299B6FF4006E72CF /* Main.storyboard */; };
		F523EDCC299B6FF4006E72CF /* Assets.xcassets in Resources */ = {isa = PBXBuildFile; fileRef = F523EDCB299B6FF4006E72CF /* Assets.xcassets */; };
		F523EDCF299B6FF4006E72CF /* LaunchScreen.storyboard in Resources */ = {isa = PBXBuildFile; fileRef = F523EDCD299B6FF4006E72CF /* LaunchScreen.storyboard */; };
		F523EDDA299B6FF5006E72CF /* swiftbook_5_MyPlaces_002Tests.swift in Sources */ = {isa = PBXBuildFile; fileRef = F523EDD9299B6FF5006E72CF /* swiftbook_5_MyPlaces_002Tests.swift */; };
		F523EDE4299B6FF5006E72CF /* swiftbook_5_MyPlaces_002UITests.swift in Sources */ = {isa = PBXBuildFile; fileRef = F523EDE3299B6FF5006E72CF /* swiftbook_5_MyPlaces_002UITests.swift */; };
		F523EDE6299B6FF5006E72CF /* swiftbook_5_MyPlaces_002UITestsLaunchTests.swift in Sources */ = {isa = PBXBuildFile; fileRef = F523EDE5299B6FF5006E72CF /* swiftbook_5_MyPlaces_002UITestsLaunchTests.swift */; };
		F54EA9F4299D14DE007E08CA /* StorageManager.swift in Sources */ = {isa = PBXBuildFile; fileRef = F54EA9F3299D14DE007E08CA /* StorageManager.swift */; };
		F5A66011299BC41300FC80D5 /* MainViewController.swift in Sources */ = {isa = PBXBuildFile; fileRef = F5A66010299BC41300FC80D5 /* MainViewController.swift */; };
		F5A66013299BC9D900FC80D5 /* CustomTableViewCell.swift in Sources */ = {isa = PBXBuildFile; fileRef = F5A66012299BC9D900FC80D5 /* CustomTableViewCell.swift */; };
		F5A66015299BD0AB00FC80D5 /* PlaceModel.swift in Sources */ = {isa = PBXBuildFile; fileRef = F5A66014299BD0AB00FC80D5 /* PlaceModel.swift */; };
		F5A66017299BD6BC00FC80D5 /* NewPlaceViewController.swift in Sources */ = {isa = PBXBuildFile; fileRef = F5A66016299BD6BC00FC80D5 /* NewPlaceViewController.swift */; };
/* End PBXBuildFile section */

/* Begin PBXContainerItemProxy section */
		F523EDD6299B6FF5006E72CF /* PBXContainerItemProxy */ = {
			isa = PBXContainerItemProxy;
			containerPortal = F523EDB7299B6FF4006E72CF /* Project object */;
			proxyType = 1;
			remoteGlobalIDString = F523EDBE299B6FF4006E72CF;
			remoteInfo = "swiftbook-5-MyPlaces-002";
		};
		F523EDE0299B6FF5006E72CF /* PBXContainerItemProxy */ = {
			isa = PBXContainerItemProxy;
			containerPortal = F523EDB7299B6FF4006E72CF /* Project object */;
			proxyType = 1;
			remoteGlobalIDString = F523EDBE299B6FF4006E72CF;
			remoteInfo = "swiftbook-5-MyPlaces-002";
		};
/* End PBXContainerItemProxy section */

/* Begin PBXFileReference section */
		7BDD49C3464C3C9AC4549522 /* Pods-swiftbook-5-MyPlaces-002.debug.xcconfig */ = {isa = PBXFileReference; includeInIndex = 1; lastKnownFileType = text.xcconfig; name = "Pods-swiftbook-5-MyPlaces-002.debug.xcconfig"; path = "Target Support Files/Pods-swiftbook-5-MyPlaces-002/Pods-swiftbook-5-MyPlaces-002.debug.xcconfig"; sourceTree = "<group>"; };
		ABE45C1090395C421D5C63FB /* Pods-swiftbook-5-MyPlaces-002.release.xcconfig */ = {isa = PBXFileReference; includeInIndex = 1; lastKnownFileType = text.xcconfig; name = "Pods-swiftbook-5-MyPlaces-002.release.xcconfig"; path = "Target Support Files/Pods-swiftbook-5-MyPlaces-002/Pods-swiftbook-5-MyPlaces-002.release.xcconfig"; sourceTree = "<group>"; };
		F1315F3FC345E3FF199DF49F /* Pods_swiftbook_5_MyPlaces_002.framework */ = {isa = PBXFileReference; explicitFileType = wrapper.framework; includeInIndex = 0; path = Pods_swiftbook_5_MyPlaces_002.framework; sourceTree = BUILT_PRODUCTS_DIR; };
		F523EDBF299B6FF4006E72CF /* swiftbook-5-MyPlaces-002.app */ = {isa = PBXFileReference; explicitFileType = wrapper.application; includeInIndex = 0; path = "swiftbook-5-MyPlaces-002.app"; sourceTree = BUILT_PRODUCTS_DIR; };
		F523EDC2299B6FF4006E72CF /* AppDelegate.swift */ = {isa = PBXFileReference; lastKnownFileType = sourcecode.swift; path = AppDelegate.swift; sourceTree = "<group>"; };
		F523EDC4299B6FF4006E72CF /* SceneDelegate.swift */ = {isa = PBXFileReference; lastKnownFileType = sourcecode.swift; path = SceneDelegate.swift; sourceTree = "<group>"; };
		F523EDC6299B6FF4006E72CF /* ViewController.swift */ = {isa = PBXFileReference; lastKnownFileType = sourcecode.swift; path = ViewController.swift; sourceTree = "<group>"; };
		F523EDC9299B6FF4006E72CF /* Base */ = {isa = PBXFileReference; lastKnownFileType = file.storyboard; name = Base; path = Base.lproj/Main.storyboard; sourceTree = "<group>"; };
		F523EDCB299B6FF4006E72CF /* Assets.xcassets */ = {isa = PBXFileReference; lastKnownFileType = folder.assetcatalog; path = Assets.xcassets; sourceTree = "<group>"; };
		F523EDCE299B6FF4006E72CF /* Base */ = {isa = PBXFileReference; lastKnownFileType = file.storyboard; name = Base; path = Base.lproj/LaunchScreen.storyboard; sourceTree = "<group>"; };
		F523EDD0299B6FF4006E72CF /* Info.plist */ = {isa = PBXFileReference; lastKnownFileType = text.plist.xml; path = Info.plist; sourceTree = "<group>"; };
		F523EDD5299B6FF5006E72CF /* swiftbook-5-MyPlaces-002Tests.xctest */ = {isa = PBXFileReference; explicitFileType = wrapper.cfbundle; includeInIndex = 0; path = "swiftbook-5-MyPlaces-002Tests.xctest"; sourceTree = BUILT_PRODUCTS_DIR; };
		F523EDD9299B6FF5006E72CF /* swiftbook_5_MyPlaces_002Tests.swift */ = {isa = PBXFileReference; lastKnownFileType = sourcecode.swift; path = swiftbook_5_MyPlaces_002Tests.swift; sourceTree = "<group>"; };
		F523EDDF299B6FF5006E72CF /* swiftbook-5-MyPlaces-002UITests.xctest */ = {isa = PBXFileReference; explicitFileType = wrapper.cfbundle; includeInIndex = 0; path = "swiftbook-5-MyPlaces-002UITests.xctest"; sourceTree = BUILT_PRODUCTS_DIR; };
		F523EDE3299B6FF5006E72CF /* swiftbook_5_MyPlaces_002UITests.swift */ = {isa = PBXFileReference; lastKnownFileType = sourcecode.swift; path = swiftbook_5_MyPlaces_002UITests.swift; sourceTree = "<group>"; };
		F523EDE5299B6FF5006E72CF /* swiftbook_5_MyPlaces_002UITestsLaunchTests.swift */ = {isa = PBXFileReference; lastKnownFileType = sourcecode.swift; path = swiftbook_5_MyPlaces_002UITestsLaunchTests.swift; sourceTree = "<group>"; };
		F54EA9F3299D14DE007E08CA /* StorageManager.swift */ = {isa = PBXFileReference; lastKnownFileType = sourcecode.swift; path = StorageManager.swift; sourceTree = "<group>"; };
		F5A66010299BC41300FC80D5 /* MainViewController.swift */ = {isa = PBXFileReference; lastKnownFileType = sourcecode.swift; path = MainViewController.swift; sourceTree = "<group>"; };
		F5A66012299BC9D900FC80D5 /* CustomTableViewCell.swift */ = {isa = PBXFileReference; lastKnownFileType = sourcecode.swift; path = CustomTableViewCell.swift; sourceTree = "<group>"; };
		F5A66014299BD0AB00FC80D5 /* PlaceModel.swift */ = {isa = PBXFileReference; lastKnownFileType = sourcecode.swift; path = PlaceModel.swift; sourceTree = "<group>"; };
		F5A66016299BD6BC00FC80D5 /* NewPlaceViewController.swift */ = {isa = PBXFileReference; lastKnownFileType = sourcecode.swift; path = NewPlaceViewController.swift; sourceTree = "<group>"; };
/* End PBXFileReference section */

/* Begin PBXFrameworksBuildPhase section */
		F523EDBC299B6FF4006E72CF /* Frameworks */ = {
			isa = PBXFrameworksBuildPhase;
			buildActionMask = 2147483647;
			files = (
				84323B159568D999775DC39F /* Pods_swiftbook_5_MyPlaces_002.framework in Frameworks */,
			);
			runOnlyForDeploymentPostprocessing = 0;
		};
		F523EDD2299B6FF5006E72CF /* Frameworks */ = {
			isa = PBXFrameworksBuildPhase;
			buildActionMask = 2147483647;
			files = (
			);
			runOnlyForDeploymentPostprocessing = 0;
		};
		F523EDDC299B6FF5006E72CF /* Frameworks */ = {
			isa = PBXFrameworksBuildPhase;
			buildActionMask = 2147483647;
			files = (
			);
			runOnlyForDeploymentPostprocessing = 0;
		};
/* End PBXFrameworksBuildPhase section */

/* Begin PBXGroup section */
		09DB8E60D8A6B69C8FF2792A /* Pods */ = {
			isa = PBXGroup;
			children = (
				7BDD49C3464C3C9AC4549522 /* Pods-swiftbook-5-MyPlaces-002.debug.xcconfig */,
				ABE45C1090395C421D5C63FB /* Pods-swiftbook-5-MyPlaces-002.release.xcconfig */,
			);
			path = Pods;
			sourceTree = "<group>";
		};
		9DD7C388E9E14AE94AE83727 /* Frameworks */ = {
			isa = PBXGroup;
			children = (
				F1315F3FC345E3FF199DF49F /* Pods_swiftbook_5_MyPlaces_002.framework */,
			);
			name = Frameworks;
			sourceTree = "<group>";
		};
		F523EDB6299B6FF4006E72CF = {
			isa = PBXGroup;
			children = (
				F523EDC1299B6FF4006E72CF /* swiftbook-5-MyPlaces-002 */,
				F523EDD8299B6FF5006E72CF /* swiftbook-5-MyPlaces-002Tests */,
				F523EDE2299B6FF5006E72CF /* swiftbook-5-MyPlaces-002UITests */,
				F523EDC0299B6FF4006E72CF /* Products */,
				09DB8E60D8A6B69C8FF2792A /* Pods */,
				9DD7C388E9E14AE94AE83727 /* Frameworks */,
			);
			sourceTree = "<group>";
		};
		F523EDC0299B6FF4006E72CF /* Products */ = {
			isa = PBXGroup;
			children = (
				F523EDBF299B6FF4006E72CF /* swiftbook-5-MyPlaces-002.app */,
				F523EDD5299B6FF5006E72CF /* swiftbook-5-MyPlaces-002Tests.xctest */,
				F523EDDF299B6FF5006E72CF /* swiftbook-5-MyPlaces-002UITests.xctest */,
			);
			name = Products;
			sourceTree = "<group>";
		};
		F523EDC1299B6FF4006E72CF /* swiftbook-5-MyPlaces-002 */ = {
			isa = PBXGroup;
			children = (
				F523EDC2299B6FF4006E72CF /* AppDelegate.swift */,
				F523EDC4299B6FF4006E72CF /* SceneDelegate.swift */,
				F523EDC6299B6FF4006E72CF /* ViewController.swift */,
				F5A66010299BC41300FC80D5 /* MainViewController.swift */,
				F5A66012299BC9D900FC80D5 /* CustomTableViewCell.swift */,
				F5A66016299BD6BC00FC80D5 /* NewPlaceViewController.swift */,
				F5A66014299BD0AB00FC80D5 /* PlaceModel.swift */,
				F54EA9F3299D14DE007E08CA /* StorageManager.swift */,
				F523EDC8299B6FF4006E72CF /* Main.storyboard */,
				F523EDCB299B6FF4006E72CF /* Assets.xcassets */,
				F523EDCD299B6FF4006E72CF /* LaunchScreen.storyboard */,
				F523EDD0299B6FF4006E72CF /* Info.plist */,
			);
			path = "swiftbook-5-MyPlaces-002";
			sourceTree = "<group>";
		};
		F523EDD8299B6FF5006E72CF /* swiftbook-5-MyPlaces-002Tests */ = {
			isa = PBXGroup;
			children = (
				F523EDD9299B6FF5006E72CF /* swiftbook_5_MyPlaces_002Tests.swift */,
			);
			path = "swiftbook-5-MyPlaces-002Tests";
			sourceTree = "<group>";
		};
		F523EDE2299B6FF5006E72CF /* swiftbook-5-MyPlaces-002UITests */ = {
			isa = PBXGroup;
			children = (
				F523EDE3299B6FF5006E72CF /* swiftbook_5_MyPlaces_002UITests.swift */,
				F523EDE5299B6FF5006E72CF /* swiftbook_5_MyPlaces_002UITestsLaunchTests.swift */,
			);
			path = "swiftbook-5-MyPlaces-002UITests";
			sourceTree = "<group>";
		};
/* End PBXGroup section */

/* Begin PBXNativeTarget section */
		F523EDBE299B6FF4006E72CF /* swiftbook-5-MyPlaces-002 */ = {
			isa = PBXNativeTarget;
			buildConfigurationList = F523EDE9299B6FF5006E72CF /* Build configuration list for PBXNativeTarget "swiftbook-5-MyPlaces-002" */;
			buildPhases = (
				75CE58B53306BBB139142815 /* [CP] Check Pods Manifest.lock */,
				F523EDBB299B6FF4006E72CF /* Sources */,
				F523EDBC299B6FF4006E72CF /* Frameworks */,
				F523EDBD299B6FF4006E72CF /* Resources */,
				9706C87BC9D45B4DC64FC2B5 /* [CP] Embed Pods Frameworks */,
			);
			buildRules = (
			);
			dependencies = (
			);
			name = "swiftbook-5-MyPlaces-002";
			productName = "swiftbook-5-MyPlaces-002";
			productReference = F523EDBF299B6FF4006E72CF /* swiftbook-5-MyPlaces-002.app */;
			productType = "com.apple.product-type.application";
		};
		F523EDD4299B6FF5006E72CF /* swiftbook-5-MyPlaces-002Tests */ = {
			isa = PBXNativeTarget;
			buildConfigurationList = F523EDEC299B6FF5006E72CF /* Build configuration list for PBXNativeTarget "swiftbook-5-MyPlaces-002Tests" */;
			buildPhases = (
				F523EDD1299B6FF5006E72CF /* Sources */,
				F523EDD2299B6FF5006E72CF /* Frameworks */,
				F523EDD3299B6FF5006E72CF /* Resources */,
			);
			buildRules = (
			);
			dependencies = (
				F523EDD7299B6FF5006E72CF /* PBXTargetDependency */,
			);
			name = "swiftbook-5-MyPlaces-002Tests";
			productName = "swiftbook-5-MyPlaces-002Tests";
			productReference = F523EDD5299B6FF5006E72CF /* swiftbook-5-MyPlaces-002Tests.xctest */;
			productType = "com.apple.product-type.bundle.unit-test";
		};
		F523EDDE299B6FF5006E72CF /* swiftbook-5-MyPlaces-002UITests */ = {
			isa = PBXNativeTarget;
			buildConfigurationList = F523EDEF299B6FF5006E72CF /* Build configuration list for PBXNativeTarget "swiftbook-5-MyPlaces-002UITests" */;
			buildPhases = (
				F523EDDB299B6FF5006E72CF /* Sources */,
				F523EDDC299B6FF5006E72CF /* Frameworks */,
				F523EDDD299B6FF5006E72CF /* Resources */,
			);
			buildRules = (
			);
			dependencies = (
				F523EDE1299B6FF5006E72CF /* PBXTargetDependency */,
			);
			name = "swiftbook-5-MyPlaces-002UITests";
			productName = "swiftbook-5-MyPlaces-002UITests";
			productReference = F523EDDF299B6FF5006E72CF /* swiftbook-5-MyPlaces-002UITests.xctest */;
			productType = "com.apple.product-type.bundle.ui-testing";
		};
/* End PBXNativeTarget section */

/* Begin PBXProject section */
		F523EDB7299B6FF4006E72CF /* Project object */ = {
			isa = PBXProject;
			attributes = {
				BuildIndependentTargetsInParallel = 1;
				LastSwiftUpdateCheck = 1420;
				LastUpgradeCheck = 1420;
				TargetAttributes = {
					F523EDBE299B6FF4006E72CF = {
						CreatedOnToolsVersion = 14.2;
					};
					F523EDD4299B6FF5006E72CF = {
						CreatedOnToolsVersion = 14.2;
						TestTargetID = F523EDBE299B6FF4006E72CF;
					};
					F523EDDE299B6FF5006E72CF = {
						CreatedOnToolsVersion = 14.2;
						TestTargetID = F523EDBE299B6FF4006E72CF;
					};
				};
			};
			buildConfigurationList = F523EDBA299B6FF4006E72CF /* Build configuration list for PBXProject "swiftbook-5-MyPlaces-002" */;
			compatibilityVersion = "Xcode 14.0";
			developmentRegion = en;
			hasScannedForEncodings = 0;
			knownRegions = (
				en,
				Base,
			);
			mainGroup = F523EDB6299B6FF4006E72CF;
			productRefGroup = F523EDC0299B6FF4006E72CF /* Products */;
			projectDirPath = "";
			projectRoot = "";
			targets = (
				F523EDBE299B6FF4006E72CF /* swiftbook-5-MyPlaces-002 */,
				F523EDD4299B6FF5006E72CF /* swiftbook-5-MyPlaces-002Tests */,
				F523EDDE299B6FF5006E72CF /* swiftbook-5-MyPlaces-002UITests */,
			);
		};
/* End PBXProject section */

/* Begin PBXResourcesBuildPhase section */
		F523EDBD299B6FF4006E72CF /* Resources */ = {
			isa = PBXResourcesBuildPhase;
			buildActionMask = 2147483647;
			files = (
				F523EDCF299B6FF4006E72CF /* LaunchScreen.storyboard in Resources */,
				F523EDCC299B6FF4006E72CF /* Assets.xcassets in Resources */,
				F523EDCA299B6FF4006E72CF /* Main.storyboard in Resources */,
			);
			runOnlyForDeploymentPostprocessing = 0;
		};
		F523EDD3299B6FF5006E72CF /* Resources */ = {
			isa = PBXResourcesBuildPhase;
			buildActionMask = 2147483647;
			files = (
			);
			runOnlyForDeploymentPostprocessing = 0;
		};
		F523EDDD299B6FF5006E72CF /* Resources */ = {
			isa = PBXResourcesBuildPhase;
			buildActionMask = 2147483647;
			files = (
			);
			runOnlyForDeploymentPostprocessing = 0;
		};
/* End PBXResourcesBuildPhase section */

/* Begin PBXShellScriptBuildPhase section */
		75CE58B53306BBB139142815 /* [CP] Check Pods Manifest.lock */ = {
			isa = PBXShellScriptBuildPhase;
			buildActionMask = 2147483647;
			files = (
			);
			inputFileListPaths = (
			);
			inputPaths = (
				"${PODS_PODFILE_DIR_PATH}/Podfile.lock",
				"${PODS_ROOT}/Manifest.lock",
			);
			name = "[CP] Check Pods Manifest.lock";
			outputFileListPaths = (
			);
			outputPaths = (
				"$(DERIVED_FILE_DIR)/Pods-swiftbook-5-MyPlaces-002-checkManifestLockResult.txt",
			);
			runOnlyForDeploymentPostprocessing = 0;
			shellPath = /bin/sh;
			shellScript = "diff \"${PODS_PODFILE_DIR_PATH}/Podfile.lock\" \"${PODS_ROOT}/Manifest.lock\" > /dev/null\nif [ $? != 0 ] ; then\n    # print error to STDERR\n    echo \"error: The sandbox is not in sync with the Podfile.lock. Run 'pod install' or update your CocoaPods installation.\" >&2\n    exit 1\nfi\n# This output is used by Xcode 'outputs' to avoid re-running this script phase.\necho \"SUCCESS\" > \"${SCRIPT_OUTPUT_FILE_0}\"\n";
			showEnvVarsInLog = 0;
		};
		9706C87BC9D45B4DC64FC2B5 /* [CP] Embed Pods Frameworks */ = {
			isa = PBXShellScriptBuildPhase;
			buildActionMask = 2147483647;
			files = (
			);
			inputFileListPaths = (
				"${PODS_ROOT}/Target Support Files/Pods-swiftbook-5-MyPlaces-002/Pods-swiftbook-5-MyPlaces-002-frameworks-${CONFIGURATION}-input-files.xcfilelist",
			);
			name = "[CP] Embed Pods Frameworks";
			outputFileListPaths = (
				"${PODS_ROOT}/Target Support Files/Pods-swiftbook-5-MyPlaces-002/Pods-swiftbook-5-MyPlaces-002-frameworks-${CONFIGURATION}-output-files.xcfilelist",
			);
			runOnlyForDeploymentPostprocessing = 0;
			shellPath = /bin/sh;
			shellScript = "\"${PODS_ROOT}/Target Support Files/Pods-swiftbook-5-MyPlaces-002/Pods-swiftbook-5-MyPlaces-002-frameworks.sh\"\n";
			showEnvVarsInLog = 0;
		};
/* End PBXShellScriptBuildPhase section */

/* Begin PBXSourcesBuildPhase section */
		F523EDBB299B6FF4006E72CF /* Sources */ = {
			isa = PBXSourcesBuildPhase;
			buildActionMask = 2147483647;
			files = (
				F523EDC7299B6FF4006E72CF /* ViewController.swift in Sources */,
				F5A66017299BD6BC00FC80D5 /* NewPlaceViewController.swift in Sources */,
				F5A66015299BD0AB00FC80D5 /* PlaceModel.swift in Sources */,
				F5A66013299BC9D900FC80D5 /* CustomTableViewCell.swift in Sources */,
				F523EDC3299B6FF4006E72CF /* AppDelegate.swift in Sources */,
				F523EDC5299B6FF4006E72CF /* SceneDelegate.swift in Sources */,
				F5A66011299BC41300FC80D5 /* MainViewController.swift in Sources */,
				F54EA9F4299D14DE007E08CA /* StorageManager.swift in Sources */,
			);
			runOnlyForDeploymentPostprocessing = 0;
		};
		F523EDD1299B6FF5006E72CF /* Sources */ = {
			isa = PBXSourcesBuildPhase;
			buildActionMask = 2147483647;
			files = (
				F523EDDA299B6FF5006E72CF /* swiftbook_5_MyPlaces_002Tests.swift in Sources */,
			);
			runOnlyForDeploymentPostprocessing = 0;
		};
		F523EDDB299B6FF5006E72CF /* Sources */ = {
			isa = PBXSourcesBuildPhase;
			buildActionMask = 2147483647;
			files = (
				F523EDE6299B6FF5006E72CF /* swiftbook_5_MyPlaces_002UITestsLaunchTests.swift in Sources */,
				F523EDE4299B6FF5006E72CF /* swiftbook_5_MyPlaces_002UITests.swift in Sources */,
			);
			runOnlyForDeploymentPostprocessing = 0;
		};
/* End PBXSourcesBuildPhase section */

/* Begin PBXTargetDependency section */
		F523EDD7299B6FF5006E72CF /* PBXTargetDependency */ = {
			isa = PBXTargetDependency;
			target = F523EDBE299B6FF4006E72CF /* swiftbook-5-MyPlaces-002 */;
			targetProxy = F523EDD6299B6FF5006E72CF /* PBXContainerItemProxy */;
		};
		F523EDE1299B6FF5006E72CF /* PBXTargetDependency */ = {
			isa = PBXTargetDependency;
			target = F523EDBE299B6FF4006E72CF /* swiftbook-5-MyPlaces-002 */;
			targetProxy = F523EDE0299B6FF5006E72CF /* PBXContainerItemProxy */;
		};
/* End PBXTargetDependency section */

/* Begin PBXVariantGroup section */
		F523EDC8299B6FF4006E72CF /* Main.storyboard */ = {
			isa = PBXVariantGroup;
			children = (
				F523EDC9299B6FF4006E72CF /* Base */,
			);
			name = Main.storyboard;
			sourceTree = "<group>";
		};
		F523EDCD299B6FF4006E72CF /* LaunchScreen.storyboard */ = {
			isa = PBXVariantGroup;
			children = (
				F523EDCE299B6FF4006E72CF /* Base */,
			);
			name = LaunchScreen.storyboard;
			sourceTree = "<group>";
		};
/* End PBXVariantGroup section */

/* Begin XCBuildConfiguration section */
		F523EDE7299B6FF5006E72CF /* Debug */ = {
			isa = XCBuildConfiguration;
			buildSettings = {
				ALWAYS_SEARCH_USER_PATHS = NO;
				CLANG_ANALYZER_NONNULL = YES;
				CLANG_ANALYZER_NUMBER_OBJECT_CONVERSION = YES_AGGRESSIVE;
				CLANG_CXX_LANGUAGE_STANDARD = "gnu++20";
				CLANG_ENABLE_MODULES = YES;
				CLANG_ENABLE_OBJC_ARC = YES;
				CLANG_ENABLE_OBJC_WEAK = YES;
				CLANG_WARN_BLOCK_CAPTURE_AUTORELEASING = YES;
				CLANG_WARN_BOOL_CONVERSION = YES;
				CLANG_WARN_COMMA = YES;
				CLANG_WARN_CONSTANT_CONVERSION = YES;
				CLANG_WARN_DEPRECATED_OBJC_IMPLEMENTATIONS = YES;
				CLANG_WARN_DIRECT_OBJC_ISA_USAGE = YES_ERROR;
				CLANG_WARN_DOCUMENTATION_COMMENTS = YES;
				CLANG_WARN_EMPTY_BODY = YES;
				CLANG_WARN_ENUM_CONVERSION = YES;
				CLANG_WARN_INFINITE_RECURSION = YES;
				CLANG_WARN_INT_CONVERSION = YES;
				CLANG_WARN_NON_LITERAL_NULL_CONVERSION = YES;
				CLANG_WARN_OBJC_IMPLICIT_RETAIN_SELF = YES;
				CLANG_WARN_OBJC_LITERAL_CONVERSION = YES;
				CLANG_WARN_OBJC_ROOT_CLASS = YES_ERROR;
				CLANG_WARN_QUOTED_INCLUDE_IN_FRAMEWORK_HEADER = YES;
				CLANG_WARN_RANGE_LOOP_ANALYSIS = YES;
				CLANG_WARN_STRICT_PROTOTYPES = YES;
				CLANG_WARN_SUSPICIOUS_MOVE = YES;
				CLANG_WARN_UNGUARDED_AVAILABILITY = YES_AGGRESSIVE;
				CLANG_WARN_UNREACHABLE_CODE = YES;
				CLANG_WARN__DUPLICATE_METHOD_MATCH = YES;
				COPY_PHASE_STRIP = NO;
				DEBUG_INFORMATION_FORMAT = dwarf;
				ENABLE_STRICT_OBJC_MSGSEND = YES;
				ENABLE_TESTABILITY = YES;
				GCC_C_LANGUAGE_STANDARD = gnu11;
				GCC_DYNAMIC_NO_PIC = NO;
				GCC_NO_COMMON_BLOCKS = YES;
				GCC_OPTIMIZATION_LEVEL = 0;
				GCC_PREPROCESSOR_DEFINITIONS = (
					"DEBUG=1",
					"$(inherited)",
				);
				GCC_WARN_64_TO_32_BIT_CONVERSION = YES;
				GCC_WARN_ABOUT_RETURN_TYPE = YES_ERROR;
				GCC_WARN_UNDECLARED_SELECTOR = YES;
				GCC_WARN_UNINITIALIZED_AUTOS = YES_AGGRESSIVE;
				GCC_WARN_UNUSED_FUNCTION = YES;
				GCC_WARN_UNUSED_VARIABLE = YES;
				IPHONEOS_DEPLOYMENT_TARGET = 16.2;
				MTL_ENABLE_DEBUG_INFO = INCLUDE_SOURCE;
				MTL_FAST_MATH = YES;
				ONLY_ACTIVE_ARCH = YES;
				SDKROOT = iphoneos;
				SWIFT_ACTIVE_COMPILATION_CONDITIONS = DEBUG;
				SWIFT_OPTIMIZATION_LEVEL = "-Onone";
			};
			name = Debug;
		};
		F523EDE8299B6FF5006E72CF /* Release */ = {
			isa = XCBuildConfiguration;
			buildSettings = {
				ALWAYS_SEARCH_USER_PATHS = NO;
				CLANG_ANALYZER_NONNULL = YES;
				CLANG_ANALYZER_NUMBER_OBJECT_CONVERSION = YES_AGGRESSIVE;
				CLANG_CXX_LANGUAGE_STANDARD = "gnu++20";
				CLANG_ENABLE_MODULES = YES;
				CLANG_ENABLE_OBJC_ARC = YES;
				CLANG_ENABLE_OBJC_WEAK = YES;
				CLANG_WARN_BLOCK_CAPTURE_AUTORELEASING = YES;
				CLANG_WARN_BOOL_CONVERSION = YES;
				CLANG_WARN_COMMA = YES;
				CLANG_WARN_CONSTANT_CONVERSION = YES;
				CLANG_WARN_DEPRECATED_OBJC_IMPLEMENTATIONS = YES;
				CLANG_WARN_DIRECT_OBJC_ISA_USAGE = YES_ERROR;
				CLANG_WARN_DOCUMENTATION_COMMENTS = YES;
				CLANG_WARN_EMPTY_BODY = YES;
				CLANG_WARN_ENUM_CONVERSION = YES;
				CLANG_WARN_INFINITE_RECURSION = YES;
				CLANG_WARN_INT_CONVERSION = YES;
				CLANG_WARN_NON_LITERAL_NULL_CONVERSION = YES;
				CLANG_WARN_OBJC_IMPLICIT_RETAIN_SELF = YES;
				CLANG_WARN_OBJC_LITERAL_CONVERSION = YES;
				CLANG_WARN_OBJC_ROOT_CLASS = YES_ERROR;
				CLANG_WARN_QUOTED_INCLUDE_IN_FRAMEWORK_HEADER = YES;
				CLANG_WARN_RANGE_LOOP_ANALYSIS = YES;
				CLANG_WARN_STRICT_PROTOTYPES = YES;
				CLANG_WARN_SUSPICIOUS_MOVE = YES;
				CLANG_WARN_UNGUARDED_AVAILABILITY = YES_AGGRESSIVE;
				CLANG_WARN_UNREACHABLE_CODE = YES;
				CLANG_WARN__DUPLICATE_METHOD_MATCH = YES;
				COPY_PHASE_STRIP = NO;
				DEBUG_INFORMATION_FORMAT = "dwarf-with-dsym";
				ENABLE_NS_ASSERTIONS = NO;
				ENABLE_STRICT_OBJC_MSGSEND = YES;
				GCC_C_LANGUAGE_STANDARD = gnu11;
				GCC_NO_COMMON_BLOCKS = YES;
				GCC_WARN_64_TO_32_BIT_CONVERSION = YES;
				GCC_WARN_ABOUT_RETURN_TYPE = YES_ERROR;
				GCC_WARN_UNDECLARED_SELECTOR = YES;
				GCC_WARN_UNINITIALIZED_AUTOS = YES_AGGRESSIVE;
				GCC_WARN_UNUSED_FUNCTION = YES;
				GCC_WARN_UNUSED_VARIABLE = YES;
				IPHONEOS_DEPLOYMENT_TARGET = 16.2;
				MTL_ENABLE_DEBUG_INFO = NO;
				MTL_FAST_MATH = YES;
				SDKROOT = iphoneos;
				SWIFT_COMPILATION_MODE = wholemodule;
				SWIFT_OPTIMIZATION_LEVEL = "-O";
				VALIDATE_PRODUCT = YES;
			};
			name = Release;
		};
		F523EDEA299B6FF5006E72CF /* Debug */ = {
			isa = XCBuildConfiguration;
			baseConfigurationReference = 7BDD49C3464C3C9AC4549522 /* Pods-swiftbook-5-MyPlaces-002.debug.xcconfig */;
			buildSettings = {
				ASSETCATALOG_COMPILER_APPICON_NAME = AppIcon;
				ASSETCATALOG_COMPILER_GLOBAL_ACCENT_COLOR_NAME = AccentColor;
				CODE_SIGN_STYLE = Automatic;
				CURRENT_PROJECT_VERSION = 1;
				GENERATE_INFOPLIST_FILE = YES;
				INFOPLIST_FILE = "swiftbook-5-MyPlaces-002/Info.plist";
				INFOPLIST_KEY_UIApplicationSupportsIndirectInputEvents = YES;
				INFOPLIST_KEY_UILaunchStoryboardName = LaunchScreen;
				INFOPLIST_KEY_UIMainStoryboardFile = Main;
				INFOPLIST_KEY_UISupportedInterfaceOrientations_iPad = "UIInterfaceOrientationPortrait UIInterfaceOrientationPortraitUpsideDown UIInterfaceOrientationLandscapeLeft UIInterfaceOrientationLandscapeRight";
				INFOPLIST_KEY_UISupportedInterfaceOrientations_iPhone = "UIInterfaceOrientationPortrait UIInterfaceOrientationLandscapeLeft UIInterfaceOrientationLandscapeRight";
				LD_RUNPATH_SEARCH_PATHS = (
					"$(inherited)",
					"@executable_path/Frameworks",
				);
				MARKETING_VERSION = 1.0;
				PRODUCT_BUNDLE_IDENTIFIER = "vladislavikys.swiftbook-5-MyPlaces-002";
				PRODUCT_NAME = "$(TARGET_NAME)";
				SWIFT_EMIT_LOC_STRINGS = YES;
				SWIFT_VERSION = 5.0;
				TARGETED_DEVICE_FAMILY = "1,2";
			};
			name = Debug;
		};
		F523EDEB299B6FF5006E72CF /* Release */ = {
			isa = XCBuildConfiguration;
			baseConfigurationReference = ABE45C1090395C421D5C63FB /* Pods-swiftbook-5-MyPlaces-002.release.xcconfig */;
			buildSettings = {
				ASSETCATALOG_COMPILER_APPICON_NAME = AppIcon;
				ASSETCATALOG_COMPILER_GLOBAL_ACCENT_COLOR_NAME = AccentColor;
				CODE_SIGN_STYLE = Automatic;
				CURRENT_PROJECT_VERSION = 1;
				GENERATE_INFOPLIST_FILE = YES;
				INFOPLIST_FILE = "swiftbook-5-MyPlaces-002/Info.plist";
				INFOPLIST_KEY_UIApplicationSupportsIndirectInputEvents = YES;
				INFOPLIST_KEY_UILaunchStoryboardName = LaunchScreen;
				INFOPLIST_KEY_UIMainStoryboardFile = Main;
				INFOPLIST_KEY_UISupportedInterfaceOrientations_iPad = "UIInterfaceOrientationPortrait UIInterfaceOrientationPortraitUpsideDown UIInterfaceOrientationLandscapeLeft UIInterfaceOrientationLandscapeRight";
				INFOPLIST_KEY_UISupportedInterfaceOrientations_iPhone = "UIInterfaceOrientationPortrait UIInterfaceOrientationLandscapeLeft UIInterfaceOrientationLandscapeRight";
				LD_RUNPATH_SEARCH_PATHS = (
					"$(inherited)",
					"@executable_path/Frameworks",
				);
				MARKETING_VERSION = 1.0;
				PRODUCT_BUNDLE_IDENTIFIER = "vladislavikys.swiftbook-5-MyPlaces-002";
				PRODUCT_NAME = "$(TARGET_NAME)";
				SWIFT_EMIT_LOC_STRINGS = YES;
				SWIFT_VERSION = 5.0;
				TARGETED_DEVICE_FAMILY = "1,2";
			};
			name = Release;
		};
		F523EDED299B6FF5006E72CF /* Debug */ = {
			isa = XCBuildConfiguration;
			buildSettings = {
				ALWAYS_EMBED_SWIFT_STANDARD_LIBRARIES = YES;
				BUNDLE_LOADER = "$(TEST_HOST)";
				CODE_SIGN_STYLE = Automatic;
				CURRENT_PROJECT_VERSION = 1;
				GENERATE_INFOPLIST_FILE = YES;
				IPHONEOS_DEPLOYMENT_TARGET = 16.2;
				MARKETING_VERSION = 1.0;
				PRODUCT_BUNDLE_IDENTIFIER = "vladislavikys.swiftbook-5-MyPlaces-002Tests";
				PRODUCT_NAME = "$(TARGET_NAME)";
				SWIFT_EMIT_LOC_STRINGS = NO;
				SWIFT_VERSION = 5.0;
				TARGETED_DEVICE_FAMILY = "1,2";
				TEST_HOST = "$(BUILT_PRODUCTS_DIR)/swiftbook-5-MyPlaces-002.app/$(BUNDLE_EXECUTABLE_FOLDER_PATH)/swiftbook-5-MyPlaces-002";
			};
			name = Debug;
		};
		F523EDEE299B6FF5006E72CF /* Release */ = {
			isa = XCBuildConfiguration;
			buildSettings = {
				ALWAYS_EMBED_SWIFT_STANDARD_LIBRARIES = YES;
				BUNDLE_LOADER = "$(TEST_HOST)";
				CODE_SIGN_STYLE = Automatic;
				CURRENT_PROJECT_VERSION = 1;
				GENERATE_INFOPLIST_FILE = YES;
				IPHONEOS_DEPLOYMENT_TARGET = 16.2;
				MARKETING_VERSION = 1.0;
				PRODUCT_BUNDLE_IDENTIFIER = "vladislavikys.swiftbook-5-MyPlaces-002Tests";
				PRODUCT_NAME = "$(TARGET_NAME)";
				SWIFT_EMIT_LOC_STRINGS = NO;
				SWIFT_VERSION = 5.0;
				TARGETED_DEVICE_FAMILY = "1,2";
				TEST_HOST = "$(BUILT_PRODUCTS_DIR)/swiftbook-5-MyPlaces-002.app/$(BUNDLE_EXECUTABLE_FOLDER_PATH)/swiftbook-5-MyPlaces-002";
			};
			name = Release;
		};
		F523EDF0299B6FF5006E72CF /* Debug */ = {
			isa = XCBuildConfiguration;
			buildSettings = {
				ALWAYS_EMBED_SWIFT_STANDARD_LIBRARIES = YES;
				CODE_SIGN_STYLE = Automatic;
				CURRENT_PROJECT_VERSION = 1;
				GENERATE_INFOPLIST_FILE = YES;
				MARKETING_VERSION = 1.0;
				PRODUCT_BUNDLE_IDENTIFIER = "vladislavikys.swiftbook-5-MyPlaces-002UITests";
				PRODUCT_NAME = "$(TARGET_NAME)";
				SWIFT_EMIT_LOC_STRINGS = NO;
				SWIFT_VERSION = 5.0;
				TARGETED_DEVICE_FAMILY = "1,2";
				TEST_TARGET_NAME = "swiftbook-5-MyPlaces-002";
			};
			name = Debug;
		};
		F523EDF1299B6FF5006E72CF /* Release */ = {
			isa = XCBuildConfiguration;
			buildSettings = {
				ALWAYS_EMBED_SWIFT_STANDARD_LIBRARIES = YES;
				CODE_SIGN_STYLE = Automatic;
				CURRENT_PROJECT_VERSION = 1;
				GENERATE_INFOPLIST_FILE = YES;
				MARKETING_VERSION = 1.0;
				PRODUCT_BUNDLE_IDENTIFIER = "vladislavikys.swiftbook-5-MyPlaces-002UITests";
				PRODUCT_NAME = "$(TARGET_NAME)";
				SWIFT_EMIT_LOC_STRINGS = NO;
				SWIFT_VERSION = 5.0;
				TARGETED_DEVICE_FAMILY = "1,2";
				TEST_TARGET_NAME = "swiftbook-5-MyPlaces-002";
			};
			name = Release;
		};
/* End XCBuildConfiguration section */

/* Begin XCConfigurationList section */
		F523EDBA299B6FF4006E72CF /* Build configuration list for PBXProject "swiftbook-5-MyPlaces-002" */ = {
			isa = XCConfigurationList;
			buildConfigurations = (
				F523EDE7299B6FF5006E72CF /* Debug */,
				F523EDE8299B6FF5006E72CF /* Release */,
			);
			defaultConfigurationIsVisible = 0;
			defaultConfigurationName = Release;
		};
		F523EDE9299B6FF5006E72CF /* Build configuration list for PBXNativeTarget "swiftbook-5-MyPlaces-002" */ = {
			isa = XCConfigurationList;
			buildConfigurations = (
				F523EDEA299B6FF5006E72CF /* Debug */,
				F523EDEB299B6FF5006E72CF /* Release */,
			);
			defaultConfigurationIsVisible = 0;
			defaultConfigurationName = Release;
		};
		F523EDEC299B6FF5006E72CF /* Build configuration list for PBXNativeTarget "swiftbook-5-MyPlaces-002Tests" */ = {
			isa = XCConfigurationList;
			buildConfigurations = (
				F523EDED299B6FF5006E72CF /* Debug */,
				F523EDEE299B6FF5006E72CF /* Release */,
			);
			defaultConfigurationIsVisible = 0;
			defaultConfigurationName = Release;
		};
		F523EDEF299B6FF5006E72CF /* Build configuration list for PBXNativeTarget "swiftbook-5-MyPlaces-002UITests" */ = {
			isa = XCConfigurationList;
			buildConfigurations = (
				F523EDF0299B6FF5006E72CF /* Debug */,
				F523EDF1299B6FF5006E72CF /* Release */,
			);
			defaultConfigurationIsVisible = 0;
			defaultConfigurationName = Release;
		};
/* End XCConfigurationList section */
	};
	rootObject = F523EDB7299B6FF4006E72CF /* Project object */;
}
